
Microsoft Visual Studio Solution File, Format Version 12.00
# Visual Studio Version 16
VisualStudioVersion = 16.0.30309.148
MinimumVisualStudioVersion = 10.0.40219.1
Project("{FAE04EC0-301F-11D3-BF4B-00C04F79EFBC}") = "requisicoesGlobais2", "requisicoesGlobais2\requisicoesGlobais2.csproj", "{D784622C-AAE8-4563-8963-6EA3E19D2920}"
EndProject
Global
	GlobalSection(SolutionConfigurationPlatforms) = preSolution
		Debug|Any CPU = Debug|Any CPU
		Release|Any CPU = Release|Any CPU
	EndGlobalSection
	GlobalSection(ProjectConfigurationPlatforms) = postSolution
		{D784622C-AAE8-4563-8963-6EA3E19D2920}.Debug|Any CPU.ActiveCfg = Debug|Any CPU
		{D784622C-AAE8-4563-8963-6EA3E19D2920}.Debug|Any CPU.Build.0 = Debug|Any CPU
		{D784622C-AAE8-4563-8963-6EA3E19D2920}.Release|Any CPU.ActiveCfg = Release|Any CPU
		{D784622C-AAE8-4563-8963-6EA3E19D2920}.Release|Any CPU.Build.0 = Release|Any CPU
	EndGlobalSection
	GlobalSection(SolutionProperties) = preSolution
		HideSolutionNode = FALSE
	EndGlobalSection
	GlobalSection(ExtensibilityGlobals) = postSolution
		SolutionGuid = {1C03EE8F-2B24-4633-9F93-F232A32A1966}
	EndGlobalSection
EndGlobal
